
Microsoft Visual Studio Solution File, Format Version 12.00
# Visual Studio Version 17
VisualStudioVersion = 17.8.34330.188
MinimumVisualStudioVersion = 10.0.40219.1
Project("{FAE04EC0-301F-11D3-BF4B-00C04F79EFBC}") = "Pr2-Nemykina", "Pr2-Nemykina\Pr2-Nemykina.csproj", "{62895077-5BD6-46D8-9359-AFBEFBEF48C7}"
EndProject
Project("{FAE04EC0-301F-11D3-BF4B-00C04F79EFBC}") = "Pr2-NemykinaTEST", "Pr2-NemykinaTEST\Pr2-NemykinaTEST.csproj", "{C2EE6DEB-1963-4ECC-8EB7-E57CBA7581A2}"
EndProject
Global
	GlobalSection(SolutionConfigurationPlatforms) = preSolution
		Debug|Any CPU = Debug|Any CPU
		Release|Any CPU = Release|Any CPU
	EndGlobalSection
	GlobalSection(ProjectConfigurationPlatforms) = postSolution
		{62895077-5BD6-46D8-9359-AFBEFBEF48C7}.Debug|Any CPU.ActiveCfg = Debug|Any CPU
		{62895077-5BD6-46D8-9359-AFBEFBEF48C7}.Debug|Any CPU.Build.0 = Debug|Any CPU
		{62895077-5BD6-46D8-9359-AFBEFBEF48C7}.Release|Any CPU.ActiveCfg = Release|Any CPU
		{62895077-5BD6-46D8-9359-AFBEFBEF48C7}.Release|Any CPU.Build.0 = Release|Any CPU
		{C2EE6DEB-1963-4ECC-8EB7-E57CBA7581A2}.Debug|Any CPU.ActiveCfg = Debug|Any CPU
		{C2EE6DEB-1963-4ECC-8EB7-E57CBA7581A2}.Debug|Any CPU.Build.0 = Debug|Any CPU
		{C2EE6DEB-1963-4ECC-8EB7-E57CBA7581A2}.Release|Any CPU.ActiveCfg = Release|Any CPU
		{C2EE6DEB-1963-4ECC-8EB7-E57CBA7581A2}.Release|Any CPU.Build.0 = Release|Any CPU
	EndGlobalSection
	GlobalSection(SolutionProperties) = preSolution
		HideSolutionNode = FALSE
	EndGlobalSection
	GlobalSection(ExtensibilityGlobals) = postSolution
		SolutionGuid = {2A8B2CFE-B0F3-406A-9172-6A4B5B52713B}
	EndGlobalSection
EndGlobal
